
Microsoft Visual Studio Solution File, Format Version 12.00
# Visual Studio 14
VisualStudioVersion = 14.0.24720.0
MinimumVisualStudioVersion = 10.0.40219.1
Project("{FAE04EC0-301F-11D3-BF4B-00C04F79EFBC}") = "TextEditor", "TextEditor.csproj", "{73A5DF78-02D6-47E5-9F97-66619A8F9499}"
EndProject
Project("{FAE04EC0-301F-11D3-BF4B-00C04F79EFBC}") = "TextEditorTests", "..\TextEditorTests\TextEditorTests.csproj", "{226FEFA5-7641-4542-911A-D5EB3C4AE6FE}"
EndProject
Global
	GlobalSection(SolutionConfigurationPlatforms) = preSolution
		Debug|Any CPU = Debug|Any CPU
		Release|Any CPU = Release|Any CPU
	EndGlobalSection
	GlobalSection(ProjectConfigurationPlatforms) = postSolution
		{73A5DF78-02D6-47E5-9F97-66619A8F9499}.Debug|Any CPU.ActiveCfg = Debug|Any CPU
		{73A5DF78-02D6-47E5-9F97-66619A8F9499}.Debug|Any CPU.Build.0 = Debug|Any CPU
		{73A5DF78-02D6-47E5-9F97-66619A8F9499}.Release|Any CPU.ActiveCfg = Release|Any CPU
		{73A5DF78-02D6-47E5-9F97-66619A8F9499}.Release|Any CPU.Build.0 = Release|Any CPU
		{226FEFA5-7641-4542-911A-D5EB3C4AE6FE}.Debug|Any CPU.ActiveCfg = Debug|Any CPU
		{226FEFA5-7641-4542-911A-D5EB3C4AE6FE}.Debug|Any CPU.Build.0 = Debug|Any CPU
		{226FEFA5-7641-4542-911A-D5EB3C4AE6FE}.Release|Any CPU.ActiveCfg = Release|Any CPU
		{226FEFA5-7641-4542-911A-D5EB3C4AE6FE}.Release|Any CPU.Build.0 = Release|Any CPU
	EndGlobalSection
	GlobalSection(SolutionProperties) = preSolution
		HideSolutionNode = FALSE
	EndGlobalSection
EndGlobal
